
Microsoft Visual Studio Solution File, Format Version 12.00
# Visual Studio Version 17
VisualStudioVersion = 17.0.31903.59
MinimumVisualStudioVersion = 10.0.40219.1
Project("{FAE04EC0-301F-11D3-BF4B-00C04F79EFBC}") = "AuthApp.UI", "src\AuthApp.UI\AuthApp.UI.csproj", "{998F49D1-0D78-4C09-9675-D94CC9BA7C05}"
EndProject
Project("{FAE04EC0-301F-11D3-BF4B-00C04F79EFBC}") = "AuthApp.Domain", "src\AuthApp.Domain\AuthApp.Domain.csproj", "{9CDC0754-AD29-4459-858E-B616FFA40A8A}"
EndProject
Project("{FAE04EC0-301F-11D3-BF4B-00C04F79EFBC}") = "AuthApp.DataAccess", "src\AuthApp.DataAccess\AuthApp.DataAccess.csproj", "{81A118B1-3E2C-4471-AFDA-83DC83B7F672}"
EndProject
Global
	GlobalSection(SolutionConfigurationPlatforms) = preSolution
		Debug|Any CPU = Debug|Any CPU
		Release|Any CPU = Release|Any CPU
	EndGlobalSection
	GlobalSection(ProjectConfigurationPlatforms) = postSolution
		{998F49D1-0D78-4C09-9675-D94CC9BA7C05}.Debug|Any CPU.ActiveCfg = Debug|Any CPU
		{998F49D1-0D78-4C09-9675-D94CC9BA7C05}.Debug|Any CPU.Build.0 = Debug|Any CPU
		{998F49D1-0D78-4C09-9675-D94CC9BA7C05}.Release|Any CPU.ActiveCfg = Release|Any CPU
		{998F49D1-0D78-4C09-9675-D94CC9BA7C05}.Release|Any CPU.Build.0 = Release|Any CPU
		{9CDC0754-AD29-4459-858E-B616FFA40A8A}.Debug|Any CPU.ActiveCfg = Debug|Any CPU
		{9CDC0754-AD29-4459-858E-B616FFA40A8A}.Debug|Any CPU.Build.0 = Debug|Any CPU
		{9CDC0754-AD29-4459-858E-B616FFA40A8A}.Release|Any CPU.ActiveCfg = Release|Any CPU
		{9CDC0754-AD29-4459-858E-B616FFA40A8A}.Release|Any CPU.Build.0 = Release|Any CPU
		{81A118B1-3E2C-4471-AFDA-83DC83B7F672}.Debug|Any CPU.ActiveCfg = Debug|Any CPU
		{81A118B1-3E2C-4471-AFDA-83DC83B7F672}.Debug|Any CPU.Build.0 = Debug|Any CPU
		{81A118B1-3E2C-4471-AFDA-83DC83B7F672}.Release|Any CPU.ActiveCfg = Release|Any CPU
		{81A118B1-3E2C-4471-AFDA-83DC83B7F672}.Release|Any CPU.Build.0 = Release|Any CPU
	EndGlobalSection
	GlobalSection(SolutionProperties) = preSolution
		HideSolutionNode = FALSE
	EndGlobalSection
	GlobalSection(ExtensibilityGlobals) = postSolution
		SolutionGuid = {B8290CCE-3AC3-4F7D-8712-E5C7CCEC75ED}
	EndGlobalSection
EndGlobal
